// !$*UTF8*$!
{
	archiveVersion = 1;
	classes = {
	};
	objectVersion = 46;
	objects = {

/* Begin PBXBuildFile section */
		367CE7FE9D51235221F86063 /* Pods_TwitterCP.framework in Frameworks */ = {isa = PBXBuildFile; fileRef = F5CFD8E9216490E0D6FFC5A0 /* Pods_TwitterCP.framework */; };
		A17152061C7139640035BB08 /* ComposeViewController.swift in Sources */ = {isa = PBXBuildFile; fileRef = A17152051C7139640035BB08 /* ComposeViewController.swift */; };
		A18C07871C61755B006ACEE2 /* AppDelegate.swift in Sources */ = {isa = PBXBuildFile; fileRef = A18C07861C61755B006ACEE2 /* AppDelegate.swift */; };
		A18C07891C61755B006ACEE2 /* ViewController.swift in Sources */ = {isa = PBXBuildFile; fileRef = A18C07881C61755B006ACEE2 /* ViewController.swift */; };
		A18C078C1C61755B006ACEE2 /* Main.storyboard in Resources */ = {isa = PBXBuildFile; fileRef = A18C078A1C61755B006ACEE2 /* Main.storyboard */; };
		A18C078E1C61755B006ACEE2 /* Assets.xcassets in Resources */ = {isa = PBXBuildFile; fileRef = A18C078D1C61755B006ACEE2 /* Assets.xcassets */; };
		A18C07911C61755B006ACEE2 /* LaunchScreen.storyboard in Resources */ = {isa = PBXBuildFile; fileRef = A18C078F1C61755B006ACEE2 /* LaunchScreen.storyboard */; };
		A18C07991C6179A2006ACEE2 /* TwitterClient.swift in Sources */ = {isa = PBXBuildFile; fileRef = A18C07981C6179A2006ACEE2 /* TwitterClient.swift */; };
		A18C079D1C63FA93006ACEE2 /* User.swift in Sources */ = {isa = PBXBuildFile; fileRef = A18C079C1C63FA93006ACEE2 /* User.swift */; };
		A18C079F1C63FAAD006ACEE2 /* Tweet.swift in Sources */ = {isa = PBXBuildFile; fileRef = A18C079E1C63FAAD006ACEE2 /* Tweet.swift */; };
		A1C6E2581C65BE8700D5EF21 /* TweetsViewController.swift in Sources */ = {isa = PBXBuildFile; fileRef = A1C6E2571C65BE8700D5EF21 /* TweetsViewController.swift */; };
		A1C6E25C1C6642E700D5EF21 /* TweetCell.swift in Sources */ = {isa = PBXBuildFile; fileRef = A1C6E25B1C6642E700D5EF21 /* TweetCell.swift */; };
		A1C6E25E1C6ABA5800D5EF21 /* TweetDetailsViewController.swift in Sources */ = {isa = PBXBuildFile; fileRef = A1C6E25D1C6ABA5800D5EF21 /* TweetDetailsViewController.swift */; };
		A1EFC66A1C6D6064000C8180 /* ProfileViewController.swift in Sources */ = {isa = PBXBuildFile; fileRef = A1EFC6691C6D6064000C8180 /* ProfileViewController.swift */; };
/* End PBXBuildFile section */

/* Begin PBXFileReference section */
		47FC48DA1046D67C6842D850 /* Pods-TwitterCP.release.xcconfig */ = {isa = PBXFileReference; includeInIndex = 1; lastKnownFileType = text.xcconfig; name = "Pods-TwitterCP.release.xcconfig"; path = "Pods/Target Support Files/Pods-TwitterCP/Pods-TwitterCP.release.xcconfig"; sourceTree = "<group>"; };
		6AF1397F558897CE44439955 /* Pods-TwitterCP.debug.xcconfig */ = {isa = PBXFileReference; includeInIndex = 1; lastKnownFileType = text.xcconfig; name = "Pods-TwitterCP.debug.xcconfig"; path = "Pods/Target Support Files/Pods-TwitterCP/Pods-TwitterCP.debug.xcconfig"; sourceTree = "<group>"; };
		A17152051C7139640035BB08 /* ComposeViewController.swift */ = {isa = PBXFileReference; fileEncoding = 4; lastKnownFileType = sourcecode.swift; path = ComposeViewController.swift; sourceTree = "<group>"; };
		A18C07831C61755B006ACEE2 /* TwitterCP.app */ = {isa = PBXFileReference; explicitFileType = wrapper.application; includeInIndex = 0; path = TwitterCP.app; sourceTree = BUILT_PRODUCTS_DIR; };
		A18C07861C61755B006ACEE2 /* AppDelegate.swift */ = {isa = PBXFileReference; lastKnownFileType = sourcecode.swift; path = AppDelegate.swift; sourceTree = "<group>"; };
		A18C07881C61755B006ACEE2 /* ViewController.swift */ = {isa = PBXFileReference; lastKnownFileType = sourcecode.swift; path = ViewController.swift; sourceTree = "<group>"; };
		A18C078B1C61755B006ACEE2 /* Base */ = {isa = PBXFileReference; lastKnownFileType = file.storyboard; name = Base; path = Base.lproj/Main.storyboard; sourceTree = "<group>"; };
		A18C078D1C61755B006ACEE2 /* Assets.xcassets */ = {isa = PBXFileReference; lastKnownFileType = folder.assetcatalog; path = Assets.xcassets; sourceTree = "<group>"; };
		A18C07901C61755B006ACEE2 /* Base */ = {isa = PBXFileReference; lastKnownFileType = file.storyboard; name = Base; path = Base.lproj/LaunchScreen.storyboard; sourceTree = "<group>"; };
		A18C07921C61755B006ACEE2 /* Info.plist */ = {isa = PBXFileReference; lastKnownFileType = text.plist.xml; path = Info.plist; sourceTree = "<group>"; };
		A18C07981C6179A2006ACEE2 /* TwitterClient.swift */ = {isa = PBXFileReference; fileEncoding = 4; lastKnownFileType = sourcecode.swift; path = TwitterClient.swift; sourceTree = "<group>"; };
		A18C079C1C63FA93006ACEE2 /* User.swift */ = {isa = PBXFileReference; fileEncoding = 4; lastKnownFileType = sourcecode.swift; path = User.swift; sourceTree = "<group>"; };
		A18C079E1C63FAAD006ACEE2 /* Tweet.swift */ = {isa = PBXFileReference; fileEncoding = 4; lastKnownFileType = sourcecode.swift; path = Tweet.swift; sourceTree = "<group>"; };
		A1C6E2571C65BE8700D5EF21 /* TweetsViewController.swift */ = {isa = PBXFileReference; fileEncoding = 4; lastKnownFileType = sourcecode.swift; path = TweetsViewController.swift; sourceTree = "<group>"; };
		A1C6E25B1C6642E700D5EF21 /* TweetCell.swift */ = {isa = PBXFileReference; fileEncoding = 4; lastKnownFileType = sourcecode.swift; path = TweetCell.swift; sourceTree = "<group>"; };
		A1C6E25D1C6ABA5800D5EF21 /* TweetDetailsViewController.swift */ = {isa = PBXFileReference; fileEncoding = 4; lastKnownFileType = sourcecode.swift; path = TweetDetailsViewController.swift; sourceTree = "<group>"; };
		A1EFC6691C6D6064000C8180 /* ProfileViewController.swift */ = {isa = PBXFileReference; fileEncoding = 4; lastKnownFileType = sourcecode.swift; path = ProfileViewController.swift; sourceTree = "<group>"; };
		F5CFD8E9216490E0D6FFC5A0 /* Pods_TwitterCP.framework */ = {isa = PBXFileReference; explicitFileType = wrapper.framework; includeInIndex = 0; path = Pods_TwitterCP.framework; sourceTree = BUILT_PRODUCTS_DIR; };
/* End PBXFileReference section */

/* Begin PBXFrameworksBuildPhase section */
		A18C07801C61755B006ACEE2 /* Frameworks */ = {
			isa = PBXFrameworksBuildPhase;
			buildActionMask = 2147483647;
			files = (
				367CE7FE9D51235221F86063 /* Pods_TwitterCP.framework in Frameworks */,
			);
			runOnlyForDeploymentPostprocessing = 0;
		};
/* End PBXFrameworksBuildPhase section */

/* Begin PBXGroup section */
		211423397F80A8BC3A923947 /* Frameworks */ = {
			isa = PBXGroup;
			children = (
				F5CFD8E9216490E0D6FFC5A0 /* Pods_TwitterCP.framework */,
			);
			name = Frameworks;
			sourceTree = "<group>";
		};
		A18C077A1C61755B006ACEE2 = {
			isa = PBXGroup;
			children = (
				A18C07851C61755B006ACEE2 /* TwitterCP */,
				A18C07841C61755B006ACEE2 /* Products */,
				D61AB15C3CA5A1BE82EADE51 /* Pods */,
				211423397F80A8BC3A923947 /* Frameworks */,
			);
			sourceTree = "<group>";
		};
		A18C07841C61755B006ACEE2 /* Products */ = {
			isa = PBXGroup;
			children = (
				A18C07831C61755B006ACEE2 /* TwitterCP.app */,
			);
			name = Products;
			sourceTree = "<group>";
		};
		A18C07851C61755B006ACEE2 /* TwitterCP */ = {
			isa = PBXGroup;
			children = (
				A1C6E25A1C66424B00D5EF21 /* Views */,
				A1C6E2591C65C36900D5EF21 /* View Controllers */,
				A18C079B1C63FA72006ACEE2 /* Models */,
				A18C079A1C6179DC006ACEE2 /* API */,
				A18C07861C61755B006ACEE2 /* AppDelegate.swift */,
				A18C078A1C61755B006ACEE2 /* Main.storyboard */,
				A18C078D1C61755B006ACEE2 /* Assets.xcassets */,
				A18C078F1C61755B006ACEE2 /* LaunchScreen.storyboard */,
				A18C07921C61755B006ACEE2 /* Info.plist */,
			);
			path = TwitterCP;
			sourceTree = "<group>";
		};
		A18C079A1C6179DC006ACEE2 /* API */ = {
			isa = PBXGroup;
			children = (
				A18C07981C6179A2006ACEE2 /* TwitterClient.swift */,
			);
			name = API;
			sourceTree = "<group>";
		};
		A18C079B1C63FA72006ACEE2 /* Models */ = {
			isa = PBXGroup;
			children = (
				A18C079C1C63FA93006ACEE2 /* User.swift */,
				A18C079E1C63FAAD006ACEE2 /* Tweet.swift */,
			);
			name = Models;
			sourceTree = "<group>";
		};
		A1C6E2591C65C36900D5EF21 /* View Controllers */ = {
			isa = PBXGroup;
			children = (
				A1C6E2571C65BE8700D5EF21 /* TweetsViewController.swift */,
				A18C07881C61755B006ACEE2 /* ViewController.swift */,
				A1C6E25D1C6ABA5800D5EF21 /* TweetDetailsViewController.swift */,
				A1EFC6691C6D6064000C8180 /* ProfileViewController.swift */,
				A17152051C7139640035BB08 /* ComposeViewController.swift */,
			);
			name = "View Controllers";
			sourceTree = "<group>";
		};
		A1C6E25A1C66424B00D5EF21 /* Views */ = {
			isa = PBXGroup;
			children = (
				A1C6E25B1C6642E700D5EF21 /* TweetCell.swift */,
			);
			name = Views;
			sourceTree = "<group>";
		};
		D61AB15C3CA5A1BE82EADE51 /* Pods */ = {
			isa = PBXGroup;
			children = (
				6AF1397F558897CE44439955 /* Pods-TwitterCP.debug.xcconfig */,
				47FC48DA1046D67C6842D850 /* Pods-TwitterCP.release.xcconfig */,
			);
			name = Pods;
			sourceTree = "<group>";
		};
/* End PBXGroup section */

/* Begin PBXNativeTarget section */
		A18C07821C61755B006ACEE2 /* TwitterCP */ = {
			isa = PBXNativeTarget;
			buildConfigurationList = A18C07951C61755B006ACEE2 /* Build configuration list for PBXNativeTarget "TwitterCP" */;
			buildPhases = (
				96185D65FB14F56F882ED04C /* Check Pods Manifest.lock */,
				A18C077F1C61755B006ACEE2 /* Sources */,
				A18C07801C61755B006ACEE2 /* Frameworks */,
				A18C07811C61755B006ACEE2 /* Resources */,
				F0F34896A3C4C425D81E224F /* Embed Pods Frameworks */,
				C330D2C06557FA997603870F /* Copy Pods Resources */,
			);
			buildRules = (
			);
			dependencies = (
			);
			name = TwitterCP;
			productName = TwitterCP;
			productReference = A18C07831C61755B006ACEE2 /* TwitterCP.app */;
			productType = "com.apple.product-type.application";
		};
/* End PBXNativeTarget section */

/* Begin PBXProject section */
		A18C077B1C61755B006ACEE2 /* Project object */ = {
			isa = PBXProject;
			attributes = {
				LastSwiftUpdateCheck = 0720;
				LastUpgradeCheck = 0720;
				ORGANIZATIONNAME = "Eric Suarez";
				TargetAttributes = {
					A18C07821C61755B006ACEE2 = {
						CreatedOnToolsVersion = 7.2;
					};
				};
			};
			buildConfigurationList = A18C077E1C61755B006ACEE2 /* Build configuration list for PBXProject "TwitterCP" */;
			compatibilityVersion = "Xcode 3.2";
			developmentRegion = English;
			hasScannedForEncodings = 0;
			knownRegions = (
				en,
				Base,
			);
			mainGroup = A18C077A1C61755B006ACEE2;
			productRefGroup = A18C07841C61755B006ACEE2 /* Products */;
			projectDirPath = "";
			projectRoot = "";
			targets = (
				A18C07821C61755B006ACEE2 /* TwitterCP */,
			);
		};
/* End PBXProject section */

/* Begin PBXResourcesBuildPhase section */
		A18C07811C61755B006ACEE2 /* Resources */ = {
			isa = PBXResourcesBuildPhase;
			buildActionMask = 2147483647;
			files = (
				A18C07911C61755B006ACEE2 /* LaunchScreen.storyboard in Resources */,
				A18C078E1C61755B006ACEE2 /* Assets.xcassets in Resources */,
				A18C078C1C61755B006ACEE2 /* Main.storyboard in Resources */,
			);
			runOnlyForDeploymentPostprocessing = 0;
		};
/* End PBXResourcesBuildPhase section */

/* Begin PBXShellScriptBuildPhase section */
		96185D65FB14F56F882ED04C /* Check Pods Manifest.lock */ = {
			isa = PBXShellScriptBuildPhase;
			buildActionMask = 2147483647;
			files = (
			);
			inputPaths = (
			);
			name = "Check Pods Manifest.lock";
			outputPaths = (
			);
			runOnlyForDeploymentPostprocessing = 0;
			shellPath = /bin/sh;
			shellScript = "diff \"${PODS_ROOT}/../Podfile.lock\" \"${PODS_ROOT}/Manifest.lock\" > /dev/null\nif [[ $? != 0 ]] ; then\n    cat << EOM\nerror: The sandbox is not in sync with the Podfile.lock. Run 'pod install' or update your CocoaPods installation.\nEOM\n    exit 1\nfi\n";
			showEnvVarsInLog = 0;
		};
		C330D2C06557FA997603870F /* Copy Pods Resources */ = {
			isa = PBXShellScriptBuildPhase;
			buildActionMask = 2147483647;
			files = (
			);
			inputPaths = (
			);
			name = "Copy Pods Resources";
			outputPaths = (
			);
			runOnlyForDeploymentPostprocessing = 0;
			shellPath = /bin/sh;
			shellScript = "\"${SRCROOT}/Pods/Target Support Files/Pods-TwitterCP/Pods-TwitterCP-resources.sh\"\n";
			showEnvVarsInLog = 0;
		};
		F0F34896A3C4C425D81E224F /* Embed Pods Frameworks */ = {
			isa = PBXShellScriptBuildPhase;
			buildActionMask = 2147483647;
			files = (
			);
			inputPaths = (
			);
			name = "Embed Pods Frameworks";
			outputPaths = (
			);
			runOnlyForDeploymentPostprocessing = 0;
			shellPath = /bin/sh;
			shellScript = "\"${SRCROOT}/Pods/Target Support Files/Pods-TwitterCP/Pods-TwitterCP-frameworks.sh\"\n";
			showEnvVarsInLog = 0;
		};
/* End PBXShellScriptBuildPhase section */

/* Begin PBXSourcesBuildPhase section */
		A18C077F1C61755B006ACEE2 /* Sources */ = {
			isa = PBXSourcesBuildPhase;
			buildActionMask = 2147483647;
			files = (
				A18C079D1C63FA93006ACEE2 /* User.swift in Sources */,
				A1C6E25C1C6642E700D5EF21 /* TweetCell.swift in Sources */,
				A1C6E25E1C6ABA5800D5EF21 /* TweetDetailsViewController.swift in Sources */,
				A18C079F1C63FAAD006ACEE2 /* Tweet.swift in Sources */,
				A1C6E2581C65BE8700D5EF21 /* TweetsViewController.swift in Sources */,
				A17152061C7139640035BB08 /* ComposeViewController.swift in Sources */,
				A18C07891C61755B006ACEE2 /* ViewController.swift in Sources */,
				A1EFC66A1C6D6064000C8180 /* ProfileViewController.swift in Sources */,
				A18C07991C6179A2006ACEE2 /* TwitterClient.swift in Sources */,
				A18C07871C61755B006ACEE2 /* AppDelegate.swift in Sources */,
			);
			runOnlyForDeploymentPostprocessing = 0;
		};
/* End PBXSourcesBuildPhase section */

/* Begin PBXVariantGroup section */
		A18C078A1C61755B006ACEE2 /* Main.storyboard */ = {
			isa = PBXVariantGroup;
			children = (
				A18C078B1C61755B006ACEE2 /* Base */,
			);
			name = Main.storyboard;
			sourceTree = "<group>";
		};
		A18C078F1C61755B006ACEE2 /* LaunchScreen.storyboard */ = {
			isa = PBXVariantGroup;
			children = (
				A18C07901C61755B006ACEE2 /* Base */,
			);
			name = LaunchScreen.storyboard;
			sourceTree = "<group>";
		};
/* End PBXVariantGroup section */

/* Begin XCBuildConfiguration section */
		A18C07931C61755B006ACEE2 /* Debug */ = {
			isa = XCBuildConfiguration;
			buildSettings = {
				ALWAYS_SEARCH_USER_PATHS = NO;
				CLANG_CXX_LANGUAGE_STANDARD = "gnu++0x";
				CLANG_CXX_LIBRARY = "libc++";
				CLANG_ENABLE_MODULES = YES;
				CLANG_ENABLE_OBJC_ARC = YES;
				CLANG_WARN_BOOL_CONVERSION = YES;
				CLANG_WARN_CONSTANT_CONVERSION = YES;
				CLANG_WARN_DIRECT_OBJC_ISA_USAGE = YES_ERROR;
				CLANG_WARN_EMPTY_BODY = YES;
				CLANG_WARN_ENUM_CONVERSION = YES;
				CLANG_WARN_INT_CONVERSION = YES;
				CLANG_WARN_OBJC_ROOT_CLASS = YES_ERROR;
				CLANG_WARN_UNREACHABLE_CODE = YES;
				CLANG_WARN__DUPLICATE_METHOD_MATCH = YES;
				"CODE_SIGN_IDENTITY[sdk=iphoneos*]" = "iPhone Developer";
				COPY_PHASE_STRIP = NO;
				DEBUG_INFORMATION_FORMAT = dwarf;
				ENABLE_STRICT_OBJC_MSGSEND = YES;
				ENABLE_TESTABILITY = YES;
				GCC_C_LANGUAGE_STANDARD = gnu99;
				GCC_DYNAMIC_NO_PIC = NO;
				GCC_NO_COMMON_BLOCKS = YES;
				GCC_OPTIMIZATION_LEVEL = 0;
				GCC_PREPROCESSOR_DEFINITIONS = (
					"DEBUG=1",
					"$(inherited)",
				);
				GCC_WARN_64_TO_32_BIT_CONVERSION = YES;
				GCC_WARN_ABOUT_RETURN_TYPE = YES_ERROR;
				GCC_WARN_UNDECLARED_SELECTOR = YES;
				GCC_WARN_UNINITIALIZED_AUTOS = YES_AGGRESSIVE;
				GCC_WARN_UNUSED_FUNCTION = YES;
				GCC_WARN_UNUSED_VARIABLE = YES;
				IPHONEOS_DEPLOYMENT_TARGET = 9.2;
				MTL_ENABLE_DEBUG_INFO = YES;
				ONLY_ACTIVE_ARCH = YES;
				SDKROOT = iphoneos;
				SWIFT_OPTIMIZATION_LEVEL = "-Onone";
			};
			name = Debug;
		};
		A18C07941C61755B006ACEE2 /* Release */ = {
			isa = XCBuildConfiguration;
			buildSettings = {
				ALWAYS_SEARCH_USER_PATHS = NO;
				CLANG_CXX_LANGUAGE_STANDARD = "gnu++0x";
				CLANG_CXX_LIBRARY = "libc++";
				CLANG_ENABLE_MODULES = YES;
				CLANG_ENABLE_OBJC_ARC = YES;
				CLANG_WARN_BOOL_CONVERSION = YES;
				CLANG_WARN_CONSTANT_CONVERSION = YES;
				CLANG_WARN_DIRECT_OBJC_ISA_USAGE = YES_ERROR;
				CLANG_WARN_EMPTY_BODY = YES;
				CLANG_WARN_ENUM_CONVERSION = YES;
				CLANG_WARN_INT_CONVERSION = YES;
				CLANG_WARN_OBJC_ROOT_CLASS = YES_ERROR;
				CLANG_WARN_UNREACHABLE_CODE = YES;
				CLANG_WARN__DUPLICATE_METHOD_MATCH = YES;
				"CODE_SIGN_IDENTITY[sdk=iphoneos*]" = "iPhone Developer";
				COPY_PHASE_STRIP = NO;
				DEBUG_INFORMATION_FORMAT = "dwarf-with-dsym";
				ENABLE_NS_ASSERTIONS = NO;
				ENABLE_STRICT_OBJC_MSGSEND = YES;
				GCC_C_LANGUAGE_STANDARD = gnu99;
				GCC_NO_COMMON_BLOCKS = YES;
				GCC_WARN_64_TO_32_BIT_CONVERSION = YES;
				GCC_WARN_ABOUT_RETURN_TYPE = YES_ERROR;
				GCC_WARN_UNDECLARED_SELECTOR = YES;
				GCC_WARN_UNINITIALIZED_AUTOS = YES_AGGRESSIVE;
				GCC_WARN_UNUSED_FUNCTION = YES;
				GCC_WARN_UNUSED_VARIABLE = YES;
				IPHONEOS_DEPLOYMENT_TARGET = 9.2;
				MTL_ENABLE_DEBUG_INFO = NO;
				SDKROOT = iphoneos;
				VALIDATE_PRODUCT = YES;
			};
			name = Release;
		};
		A18C07961C61755B006ACEE2 /* Debug */ = {
			isa = XCBuildConfiguration;
			baseConfigurationReference = 6AF1397F558897CE44439955 /* Pods-TwitterCP.debug.xcconfig */;
			buildSettings = {
				ASSETCATALOG_COMPILER_APPICON_NAME = AppIcon;
				INFOPLIST_FILE = TwitterCP/Info.plist;
				LD_RUNPATH_SEARCH_PATHS = "$(inherited) @executable_path/Frameworks";
				PRODUCT_BUNDLE_IDENTIFIER = com.eric.TwitterCP;
				PRODUCT_NAME = "$(TARGET_NAME)";
			};
			name = Debug;
		};
		A18C07971C61755B006ACEE2 /* Release */ = {
			isa = XCBuildConfiguration;
			baseConfigurationReference = 47FC48DA1046D67C6842D850 /* Pods-TwitterCP.release.xcconfig */;
			buildSettings = {
				ASSETCATALOG_COMPILER_APPICON_NAME = AppIcon;
				INFOPLIST_FILE = TwitterCP/Info.plist;
				LD_RUNPATH_SEARCH_PATHS = "$(inherited) @executable_path/Frameworks";
				PRODUCT_BUNDLE_IDENTIFIER = com.eric.TwitterCP;
				PRODUCT_NAME = "$(TARGET_NAME)";
			};
			name = Release;
		};
/* End XCBuildConfiguration section */

/* Begin XCConfigurationList section */
		A18C077E1C61755B006ACEE2 /* Build configuration list for PBXProject "TwitterCP" */ = {
			isa = XCConfigurationList;
			buildConfigurations = (
				A18C07931C61755B006ACEE2 /* Debug */,
				A18C07941C61755B006ACEE2 /* Release */,
			);
			defaultConfigurationIsVisible = 0;
			defaultConfigurationName = Release;
		};
		A18C07951C61755B006ACEE2 /* Build configuration list for PBXNativeTarget "TwitterCP" */ = {
			isa = XCConfigurationList;
			buildConfigurations = (
				A18C07961C61755B006ACEE2 /* Debug */,
				A18C07971C61755B006ACEE2 /* Release */,
			);
			defaultConfigurationIsVisible = 0;
			defaultConfigurationName = Release;
		};
/* End XCConfigurationList section */
	};
	rootObject = A18C077B1C61755B006ACEE2 /* Project object */;
}
