// !$*UTF8*$!
{
	archiveVersion = 1;
	classes = {
	};
	objectVersion = 46;
	objects = {

/* Begin PBXBuildFile section */
		A18C07871C61755B006ACEE2 /* AppDelegate.swift in Sources */ = {isa = PBXBuildFile; fileRef = A18C07861C61755B006ACEE2 /* AppDelegate.swift */; };
		A18C07891C61755B006ACEE2 /* ViewController.swift in Sources */ = {isa = PBXBuildFile; fileRef = A18C07881C61755B006ACEE2 /* ViewController.swift */; };
		A18C078C1C61755B006ACEE2 /* Main.storyboard in Resources */ = {isa = PBXBuildFile; fileRef = A18C078A1C61755B006ACEE2 /* Main.storyboard */; };
		A18C078E1C61755B006ACEE2 /* Assets.xcassets in Resources */ = {isa = PBXBuildFile; fileRef = A18C078D1C61755B006ACEE2 /* Assets.xcassets */; };
		A18C07911C61755B006ACEE2 /* LaunchScreen.storyboard in Resources */ = {isa = PBXBuildFile; fileRef = A18C078F1C61755B006ACEE2 /* LaunchScreen.storyboard */; };
/* End PBXBuildFile section */

/* Begin PBXFileReference section */
		A18C07831C61755B006ACEE2 /* TwitterCP.app */ = {isa = PBXFileReference; explicitFileType = wrapper.application; includeInIndex = 0; path = TwitterCP.app; sourceTree = BUILT_PRODUCTS_DIR; };
		A18C07861C61755B006ACEE2 /* AppDelegate.swift */ = {isa = PBXFileReference; lastKnownFileType = sourcecode.swift; path = AppDelegate.swift; sourceTree = "<group>"; };
		A18C07881C61755B006ACEE2 /* ViewController.swift */ = {isa = PBXFileReference; lastKnownFileType = sourcecode.swift; path = ViewController.swift; sourceTree = "<group>"; };
		A18C078B1C61755B006ACEE2 /* Base */ = {isa = PBXFileReference; lastKnownFileType = file.storyboard; name = Base; path = Base.lproj/Main.storyboard; sourceTree = "<group>"; };
		A18C078D1C61755B006ACEE2 /* Assets.xcassets */ = {isa = PBXFileReference; lastKnownFileType = folder.assetcatalog; path = Assets.xcassets; sourceTree = "<group>"; };
		A18C07901C61755B006ACEE2 /* Base */ = {isa = PBXFileReference; lastKnownFileType = file.storyboard; name = Base; path = Base.lproj/LaunchScreen.storyboard; sourceTree = "<group>"; };
		A18C07921C61755B006ACEE2 /* Info.plist */ = {isa = PBXFileReference; lastKnownFileType = text.plist.xml; path = Info.plist; sourceTree = "<group>"; };
/* End PBXFileReference section */

/* Begin PBXFrameworksBuildPhase section */
		A18C07801C61755B006ACEE2 /* Frameworks */ = {
			isa = PBXFrameworksBuildPhase;
			buildActionMask = 2147483647;
			files = (
			);
			runOnlyForDeploymentPostprocessing = 0;
		};
/* End PBXFrameworksBuildPhase section */

/* Begin PBXGroup section */
		A18C077A1C61755B006ACEE2 = {
			isa = PBXGroup;
			children = (
				A18C07851C61755B006ACEE2 /* TwitterCP */,
				A18C07841C61755B006ACEE2 /* Products */,
			);
			sourceTree = "<group>";
		};
		A18C07841C61755B006ACEE2 /* Products */ = {
			isa = PBXGroup;
			children = (
				A18C07831C61755B006ACEE2 /* TwitterCP.app */,
			);
			name = Products;
			sourceTree = "<group>";
		};
		A18C07851C61755B006ACEE2 /* TwitterCP */ = {
			isa = PBXGroup;
			children = (
				A18C07861C61755B006ACEE2 /* AppDelegate.swift */,
				A18C07881C61755B006ACEE2 /* ViewController.swift */,
				A18C078A1C61755B006ACEE2 /* Main.storyboard */,
				A18C078D1C61755B006ACEE2 /* Assets.xcassets */,
				A18C078F1C61755B006ACEE2 /* LaunchScreen.storyboard */,
				A18C07921C61755B006ACEE2 /* Info.plist */,
			);
			path = TwitterCP;
			sourceTree = "<group>";
		};
/* End PBXGroup section */

/* Begin PBXNativeTarget section */
		A18C07821C61755B006ACEE2 /* TwitterCP */ = {
			isa = PBXNativeTarget;
			buildConfigurationList = A18C07951C61755B006ACEE2 /* Build configuration list for PBXNativeTarget "TwitterCP" */;
			buildPhases = (
				A18C077F1C61755B006ACEE2 /* Sources */,
				A18C07801C61755B006ACEE2 /* Frameworks */,
				A18C07811C61755B006ACEE2 /* Resources */,
			);
			buildRules = (
			);
			dependencies = (
			);
			name = TwitterCP;
			productName = TwitterCP;
			productReference = A18C07831C61755B006ACEE2 /* TwitterCP.app */;
			productType = "com.apple.product-type.application";
		};
/* End PBXNativeTarget section */

/* Begin PBXProject section */
		A18C077B1C61755B006ACEE2 /* Project object */ = {
			isa = PBXProject;
			attributes = {
				LastSwiftUpdateCheck = 0720;
				LastUpgradeCheck = 0720;
				ORGANIZATIONNAME = "Eric Suarez";
				TargetAttributes = {
					A18C07821C61755B006ACEE2 = {
						CreatedOnToolsVersion = 7.2;
					};
				};
			};
			buildConfigurationList = A18C077E1C61755B006ACEE2 /* Build configuration list for PBXProject "TwitterCP" */;
			compatibilityVersion = "Xcode 3.2";
			developmentRegion = English;
			hasScannedForEncodings = 0;
			knownRegions = (
				en,
				Base,
			);
			mainGroup = A18C077A1C61755B006ACEE2;
			productRefGroup = A18C07841C61755B006ACEE2 /* Products */;
			projectDirPath = "";
			projectRoot = "";
			targets = (
				A18C07821C61755B006ACEE2 /* TwitterCP */,
			);
		};
/* End PBXProject section */

/* Begin PBXResourcesBuildPhase section */
		A18C07811C61755B006ACEE2 /* Resources */ = {
			isa = PBXResourcesBuildPhase;
			buildActionMask = 2147483647;
			files = (
				A18C07911C61755B006ACEE2 /* LaunchScreen.storyboard in Resources */,
				A18C078E1C61755B006ACEE2 /* Assets.xcassets in Resources */,
				A18C078C1C61755B006ACEE2 /* Main.storyboard in Resources */,
			);
			runOnlyForDeploymentPostprocessing = 0;
		};
/* End PBXResourcesBuildPhase section */

/* Begin PBXSourcesBuildPhase section */
		A18C077F1C61755B006ACEE2 /* Sources */ = {
			isa = PBXSourcesBuildPhase;
			buildActionMask = 2147483647;
			files = (
				A18C07891C61755B006ACEE2 /* ViewController.swift in Sources */,
				A18C07871C61755B006ACEE2 /* AppDelegate.swift in Sources */,
			);
			runOnlyForDeploymentPostprocessing = 0;
		};
/* End PBXSourcesBuildPhase section */

/* Begin PBXVariantGroup section */
		A18C078A1C61755B006ACEE2 /* Main.storyboard */ = {
			isa = PBXVariantGroup;
			children = (
				A18C078B1C61755B006ACEE2 /* Base */,
			);
			name = Main.storyboard;
			sourceTree = "<group>";
		};
		A18C078F1C61755B006ACEE2 /* LaunchScreen.storyboard */ = {
			isa = PBXVariantGroup;
			children = (
				A18C07901C61755B006ACEE2 /* Base */,
			);
			name = LaunchScreen.storyboard;
			sourceTree = "<group>";
		};
/* End PBXVariantGroup section */

/* Begin XCBuildConfiguration section */
		A18C07931C61755B006ACEE2 /* Debug */ = {
			isa = XCBuildConfiguration;
			buildSettings = {
				ALWAYS_SEARCH_USER_PATHS = NO;
				CLANG_CXX_LANGUAGE_STANDARD = "gnu++0x";
				CLANG_CXX_LIBRARY = "libc++";
				CLANG_ENABLE_MODULES = YES;
				CLANG_ENABLE_OBJC_ARC = YES;
				CLANG_WARN_BOOL_CONVERSION = YES;
				CLANG_WARN_CONSTANT_CONVERSION = YES;
				CLANG_WARN_DIRECT_OBJC_ISA_USAGE = YES_ERROR;
				CLANG_WARN_EMPTY_BODY = YES;
				CLANG_WARN_ENUM_CONVERSION = YES;
				CLANG_WARN_INT_CONVERSION = YES;
				CLANG_WARN_OBJC_ROOT_CLASS = YES_ERROR;
				CLANG_WARN_UNREACHABLE_CODE = YES;
				CLANG_WARN__DUPLICATE_METHOD_MATCH = YES;
				"CODE_SIGN_IDENTITY[sdk=iphoneos*]" = "iPhone Developer";
				COPY_PHASE_STRIP = NO;
				DEBUG_INFORMATION_FORMAT = dwarf;
				ENABLE_STRICT_OBJC_MSGSEND = YES;
				ENABLE_TESTABILITY = YES;
				GCC_C_LANGUAGE_STANDARD = gnu99;
				GCC_DYNAMIC_NO_PIC = NO;
				GCC_NO_COMMON_BLOCKS = YES;
				GCC_OPTIMIZATION_LEVEL = 0;
				GCC_PREPROCESSOR_DEFINITIONS = (
					"DEBUG=1",
					"$(inherited)",
				);
				GCC_WARN_64_TO_32_BIT_CONVERSION = YES;
				GCC_WARN_ABOUT_RETURN_TYPE = YES_ERROR;
				GCC_WARN_UNDECLARED_SELECTOR = YES;
				GCC_WARN_UNINITIALIZED_AUTOS = YES_AGGRESSIVE;
				GCC_WARN_UNUSED_FUNCTION = YES;
				GCC_WARN_UNUSED_VARIABLE = YES;
				IPHONEOS_DEPLOYMENT_TARGET = 9.2;
				MTL_ENABLE_DEBUG_INFO = YES;
				ONLY_ACTIVE_ARCH = YES;
				SDKROOT = iphoneos;
				SWIFT_OPTIMIZATION_LEVEL = "-Onone";
			};
			name = Debug;
		};
		A18C07941C61755B006ACEE2 /* Release */ = {
			isa = XCBuildConfiguration;
			buildSettings = {
				ALWAYS_SEARCH_USER_PATHS = NO;
				CLANG_CXX_LANGUAGE_STANDARD = "gnu++0x";
				CLANG_CXX_LIBRARY = "libc++";
				CLANG_ENABLE_MODULES = YES;
				CLANG_ENABLE_OBJC_ARC = YES;
				CLANG_WARN_BOOL_CONVERSION = YES;
				CLANG_WARN_CONSTANT_CONVERSION = YES;
				CLANG_WARN_DIRECT_OBJC_ISA_USAGE = YES_ERROR;
				CLANG_WARN_EMPTY_BODY = YES;
				CLANG_WARN_ENUM_CONVERSION = YES;
				CLANG_WARN_INT_CONVERSION = YES;
				CLANG_WARN_OBJC_ROOT_CLASS = YES_ERROR;
				CLANG_WARN_UNREACHABLE_CODE = YES;
				CLANG_WARN__DUPLICATE_METHOD_MATCH = YES;
				"CODE_SIGN_IDENTITY[sdk=iphoneos*]" = "iPhone Developer";
				COPY_PHASE_STRIP = NO;
				DEBUG_INFORMATION_FORMAT = "dwarf-with-dsym";
				ENABLE_NS_ASSERTIONS = NO;
				ENABLE_STRICT_OBJC_MSGSEND = YES;
				GCC_C_LANGUAGE_STANDARD = gnu99;
				GCC_NO_COMMON_BLOCKS = YES;
				GCC_WARN_64_TO_32_BIT_CONVERSION = YES;
				GCC_WARN_ABOUT_RETURN_TYPE = YES_ERROR;
				GCC_WARN_UNDECLARED_SELECTOR = YES;
				GCC_WARN_UNINITIALIZED_AUTOS = YES_AGGRESSIVE;
				GCC_WARN_UNUSED_FUNCTION = YES;
				GCC_WARN_UNUSED_VARIABLE = YES;
				IPHONEOS_DEPLOYMENT_TARGET = 9.2;
				MTL_ENABLE_DEBUG_INFO = NO;
				SDKROOT = iphoneos;
				VALIDATE_PRODUCT = YES;
			};
			name = Release;
		};
		A18C07961C61755B006ACEE2 /* Debug */ = {
			isa = XCBuildConfiguration;
			buildSettings = {
				ASSETCATALOG_COMPILER_APPICON_NAME = AppIcon;
				INFOPLIST_FILE = TwitterCP/Info.plist;
				LD_RUNPATH_SEARCH_PATHS = "$(inherited) @executable_path/Frameworks";
				PRODUCT_BUNDLE_IDENTIFIER = com.eric.TwitterCP;
				PRODUCT_NAME = "$(TARGET_NAME)";
			};
			name = Debug;
		};
		A18C07971C61755B006ACEE2 /* Release */ = {
			isa = XCBuildConfiguration;
			buildSettings = {
				ASSETCATALOG_COMPILER_APPICON_NAME = AppIcon;
				INFOPLIST_FILE = TwitterCP/Info.plist;
				LD_RUNPATH_SEARCH_PATHS = "$(inherited) @executable_path/Frameworks";
				PRODUCT_BUNDLE_IDENTIFIER = com.eric.TwitterCP;
				PRODUCT_NAME = "$(TARGET_NAME)";
			};
			name = Release;
		};
/* End XCBuildConfiguration section */

/* Begin XCConfigurationList section */
		A18C077E1C61755B006ACEE2 /* Build configuration list for PBXProject "TwitterCP" */ = {
			isa = XCConfigurationList;
			buildConfigurations = (
				A18C07931C61755B006ACEE2 /* Debug */,
				A18C07941C61755B006ACEE2 /* Release */,
			);
			defaultConfigurationIsVisible = 0;
			defaultConfigurationName = Release;
		};
		A18C07951C61755B006ACEE2 /* Build configuration list for PBXNativeTarget "TwitterCP" */ = {
			isa = XCConfigurationList;
			buildConfigurations = (
				A18C07961C61755B006ACEE2 /* Debug */,
				A18C07971C61755B006ACEE2 /* Release */,
			);
			defaultConfigurationIsVisible = 0;
		};
/* End XCConfigurationList section */
	};
	rootObject = A18C077B1C61755B006ACEE2 /* Project object */;
}
